
Microsoft Visual Studio Solution File, Format Version 12.00
# Visual Studio Express 2013 for Windows Desktop
VisualStudioVersion = 12.0.21005.1
MinimumVisualStudioVersion = 10.0.40219.1
Project("{8BC9CEB8-8B4A-11D0-8D11-00A0C91BC942}") = "C++-String", "C++-String\C++-String.vcxproj", "{08A28244-B891-4204-AC88-9785062CDCEA}"
EndProject
Global
	GlobalSection(SolutionConfigurationPlatforms) = preSolution
		Debug|Win32 = Debug|Win32
		Release|Win32 = Release|Win32
	EndGlobalSection
	GlobalSection(ProjectConfigurationPlatforms) = postSolution
		{08A28244-B891-4204-AC88-9785062CDCEA}.Debug|Win32.ActiveCfg = Debug|Win32
		{08A28244-B891-4204-AC88-9785062CDCEA}.Debug|Win32.Build.0 = Debug|Win32
		{08A28244-B891-4204-AC88-9785062CDCEA}.Release|Win32.ActiveCfg = Release|Win32
		{08A28244-B891-4204-AC88-9785062CDCEA}.Release|Win32.Build.0 = Release|Win32
	EndGlobalSection
	GlobalSection(SolutionProperties) = preSolution
		HideSolutionNode = FALSE
	EndGlobalSection
EndGlobal
